
Microsoft Visual Studio Solution File, Format Version 12.00
# Visual Studio Version 17
VisualStudioVersion = 17.14.36327.8
MinimumVisualStudioVersion = 10.0.40219.1
Project("{FAE04EC0-301F-11D3-BF4B-00C04F79EFBC}") = "InventoryService.API", "InventoryService.API\InventoryService.API.csproj", "{96178A60-687F-612C-F164-D3451D014D32}"
EndProject
Project("{FAE04EC0-301F-11D3-BF4B-00C04F79EFBC}") = "InventoryService.Application", "InventoryService.Application\InventoryService.Application.csproj", "{6D389E4C-B62A-5FB0-1107-0D11FBC69C0B}"
EndProject
Project("{FAE04EC0-301F-11D3-BF4B-00C04F79EFBC}") = "InventoryService.Domain", "InventoryService.Domain\InventoryService.Domain.csproj", "{8C3F0CBF-7D7B-458C-BEBB-6EC8D9289EA4}"
EndProject
Project("{FAE04EC0-301F-11D3-BF4B-00C04F79EFBC}") = "InventoryService.Infrastructure", "InventoryService.Infrastructure\InventoryService.Infrastructure.csproj", "{88DD3877-BA44-3099-5C68-1B45FD9C1284}"
EndProject
Global
	GlobalSection(SolutionConfigurationPlatforms) = preSolution
		Debug|Any CPU = Debug|Any CPU
		Release|Any CPU = Release|Any CPU
	EndGlobalSection
	GlobalSection(ProjectConfigurationPlatforms) = postSolution
		{96178A60-687F-612C-F164-D3451D014D32}.Debug|Any CPU.ActiveCfg = Debug|Any CPU
		{96178A60-687F-612C-F164-D3451D014D32}.Debug|Any CPU.Build.0 = Debug|Any CPU
		{96178A60-687F-612C-F164-D3451D014D32}.Release|Any CPU.ActiveCfg = Release|Any CPU
		{96178A60-687F-612C-F164-D3451D014D32}.Release|Any CPU.Build.0 = Release|Any CPU
		{6D389E4C-B62A-5FB0-1107-0D11FBC69C0B}.Debug|Any CPU.ActiveCfg = Debug|Any CPU
		{6D389E4C-B62A-5FB0-1107-0D11FBC69C0B}.Debug|Any CPU.Build.0 = Debug|Any CPU
		{6D389E4C-B62A-5FB0-1107-0D11FBC69C0B}.Release|Any CPU.ActiveCfg = Release|Any CPU
		{6D389E4C-B62A-5FB0-1107-0D11FBC69C0B}.Release|Any CPU.Build.0 = Release|Any CPU
		{8C3F0CBF-7D7B-458C-BEBB-6EC8D9289EA4}.Debug|Any CPU.ActiveCfg = Debug|Any CPU
		{8C3F0CBF-7D7B-458C-BEBB-6EC8D9289EA4}.Debug|Any CPU.Build.0 = Debug|Any CPU
		{8C3F0CBF-7D7B-458C-BEBB-6EC8D9289EA4}.Release|Any CPU.ActiveCfg = Release|Any CPU
		{8C3F0CBF-7D7B-458C-BEBB-6EC8D9289EA4}.Release|Any CPU.Build.0 = Release|Any CPU
		{88DD3877-BA44-3099-5C68-1B45FD9C1284}.Debug|Any CPU.ActiveCfg = Debug|Any CPU
		{88DD3877-BA44-3099-5C68-1B45FD9C1284}.Debug|Any CPU.Build.0 = Debug|Any CPU
		{88DD3877-BA44-3099-5C68-1B45FD9C1284}.Release|Any CPU.ActiveCfg = Release|Any CPU
		{88DD3877-BA44-3099-5C68-1B45FD9C1284}.Release|Any CPU.Build.0 = Release|Any CPU
	EndGlobalSection
	GlobalSection(SolutionProperties) = preSolution
		HideSolutionNode = FALSE
	EndGlobalSection
	GlobalSection(ExtensibilityGlobals) = postSolution
		SolutionGuid = {D9E09E86-F73C-44F4-A881-6D0492AF3100}
	EndGlobalSection
EndGlobal
