
Microsoft Visual Studio Solution File, Format Version 12.00
# Visual Studio Version 17
VisualStudioVersion = 17.14.36327.8 d17.14
MinimumVisualStudioVersion = 10.0.40219.1
Project("{FAE04EC0-301F-11D3-BF4B-00C04F79EFBC}") = "OrderService.Domain", "OrderService.Domain\OrderService.Domain.csproj", "{44E5C0D8-65EE-4836-9DC5-47269969CE2D}"
EndProject
Project("{FAE04EC0-301F-11D3-BF4B-00C04F79EFBC}") = "OrderService.Application", "OrderService.Application\OrderService.Application.csproj", "{11610A58-0582-4988-BF5F-0F59D0582B55}"
EndProject
Project("{FAE04EC0-301F-11D3-BF4B-00C04F79EFBC}") = "OrderService.Infrastructure", "OrderService.Infrastructure\OrderService.Infrastructure.csproj", "{CA98FD2D-DB40-4A35-ADA3-0E7D1DF6B996}"
EndProject
Project("{FAE04EC0-301F-11D3-BF4B-00C04F79EFBC}") = "OrderService.API", "OrderService.API\OrderService.API.csproj", "{A5BC4FA3-7DC8-4791-9588-3289550F27BB}"
EndProject
Global
	GlobalSection(SolutionConfigurationPlatforms) = preSolution
		Debug|Any CPU = Debug|Any CPU
		Release|Any CPU = Release|Any CPU
	EndGlobalSection
	GlobalSection(ProjectConfigurationPlatforms) = postSolution
		{44E5C0D8-65EE-4836-9DC5-47269969CE2D}.Debug|Any CPU.ActiveCfg = Debug|Any CPU
		{44E5C0D8-65EE-4836-9DC5-47269969CE2D}.Debug|Any CPU.Build.0 = Debug|Any CPU
		{44E5C0D8-65EE-4836-9DC5-47269969CE2D}.Release|Any CPU.ActiveCfg = Release|Any CPU
		{44E5C0D8-65EE-4836-9DC5-47269969CE2D}.Release|Any CPU.Build.0 = Release|Any CPU
		{11610A58-0582-4988-BF5F-0F59D0582B55}.Debug|Any CPU.ActiveCfg = Debug|Any CPU
		{11610A58-0582-4988-BF5F-0F59D0582B55}.Debug|Any CPU.Build.0 = Debug|Any CPU
		{11610A58-0582-4988-BF5F-0F59D0582B55}.Release|Any CPU.ActiveCfg = Release|Any CPU
		{11610A58-0582-4988-BF5F-0F59D0582B55}.Release|Any CPU.Build.0 = Release|Any CPU
		{CA98FD2D-DB40-4A35-ADA3-0E7D1DF6B996}.Debug|Any CPU.ActiveCfg = Debug|Any CPU
		{CA98FD2D-DB40-4A35-ADA3-0E7D1DF6B996}.Debug|Any CPU.Build.0 = Debug|Any CPU
		{CA98FD2D-DB40-4A35-ADA3-0E7D1DF6B996}.Release|Any CPU.ActiveCfg = Release|Any CPU
		{CA98FD2D-DB40-4A35-ADA3-0E7D1DF6B996}.Release|Any CPU.Build.0 = Release|Any CPU
		{A5BC4FA3-7DC8-4791-9588-3289550F27BB}.Debug|Any CPU.ActiveCfg = Debug|Any CPU
		{A5BC4FA3-7DC8-4791-9588-3289550F27BB}.Debug|Any CPU.Build.0 = Debug|Any CPU
		{A5BC4FA3-7DC8-4791-9588-3289550F27BB}.Release|Any CPU.ActiveCfg = Release|Any CPU
		{A5BC4FA3-7DC8-4791-9588-3289550F27BB}.Release|Any CPU.Build.0 = Release|Any CPU
	EndGlobalSection
	GlobalSection(SolutionProperties) = preSolution
		HideSolutionNode = FALSE
	EndGlobalSection
	GlobalSection(ExtensibilityGlobals) = postSolution
		SolutionGuid = {D567F6E2-EF59-48F8-A284-05B7CE9153F9}
	EndGlobalSection
EndGlobal
